{
  "version": 4,
  "terraform_version": "1.0.0",
  "serial": 8,
  "lineage": "926b19c3-f51d-5009-a059-264701fe5c16",
  "outputs": {},
  "resources": [
    {
      "mode": "managed",
      "type": "aws_iam_instance_profile",
      "name": "aditya-training-instance-profile",
      "provider": "provider[\"registry.terraform.io/hashicorp/aws\"]",
      "instances": [
        {
          "schema_version": 0,
          "attributes": {
            "arn": "arn:aws:iam::542605267262:instance-profile/aditya-iam-training-role",
            "create_date": "2021-08-10T20:47:10Z",
            "id": "aditya-iam-training-role",
            "name": "aditya-iam-training-role",
            "name_prefix": null,
            "path": "/",
            "role": "aditya-iam-training-role",
            "tags": null,
            "tags_all": {},
            "unique_id": "AIPAX4VOLKE7JIU3DKLYW"
          },
          "sensitive_attributes": [],
          "private": "bnVsbA==",
          "dependencies": [
            "aws_iam_role.aditya_training_role"
          ]
        }
      ]
    },
    {
      "mode": "managed",
      "type": "aws_iam_policy",
      "name": "aditya_training_policy",
      "provider": "provider[\"registry.terraform.io/hashicorp/aws\"]",
      "instances": [
        {
          "schema_version": 0,
          "attributes": {
            "arn": "arn:aws:iam::542605267262:policy/aditya-iam-training-policy",
            "description": "",
            "id": "arn:aws:iam::542605267262:policy/aditya-iam-training-policy",
            "name": "aditya-iam-training-policy",
            "name_prefix": null,
            "path": "/",
            "policy": "{\n  \"Version\": \"2012-10-17\",\n  \"Statement\": [\n    {\n      \"Action\": [\n        \"ec2:Describe*\"\n      ],\n      \"Effect\": \"Allow\",\n      \"Resource\": \"*\"\n    }\n  ]\n}\n",
            "policy_id": "ANPAX4VOLKE7FV2JQSEOF",
            "tags": {
              "ManagedBy": "v-aditya.pidikiti",
              "Name": "v-aditya-training-iam-policy"
            },
            "tags_all": {
              "ManagedBy": "v-aditya.pidikiti",
              "Name": "v-aditya-training-iam-policy"
            }
          },
          "sensitive_attributes": [],
          "private": "bnVsbA=="
        }
      ]
    },
    {
      "mode": "managed",
      "type": "aws_iam_role",
      "name": "aditya_training_role",
      "provider": "provider[\"registry.terraform.io/hashicorp/aws\"]",
      "instances": [
        {
          "schema_version": 0,
          "attributes": {
            "arn": "arn:aws:iam::542605267262:role/aditya-iam-training-role",
            "assume_role_policy": "{\"Version\":\"2012-10-17\",\"Statement\":[{\"Sid\":\"\",\"Effect\":\"Allow\",\"Principal\":{\"Service\":\"ec2.amazonaws.com\"},\"Action\":\"sts:AssumeRole\"}]}",
            "create_date": "2021-08-10T20:47:07Z",
            "description": "",
            "force_detach_policies": false,
            "id": "aditya-iam-training-role",
            "inline_policy": [
              {
                "name": "",
                "policy": ""
              }
            ],
            "managed_policy_arns": [],
            "max_session_duration": 3600,
            "name": "aditya-iam-training-role",
            "name_prefix": null,
            "path": "/",
            "permissions_boundary": null,
            "tags": {
              "ManagedBy": "v-aditya.pidikiti",
              "Name": "v-aditya-training-iam-role"
            },
            "tags_all": {
              "ManagedBy": "v-aditya.pidikiti",
              "Name": "v-aditya-training-iam-role"
            },
            "unique_id": "AROAX4VOLKE7F5KKRQX2F"
          },
          "sensitive_attributes": [],
          "private": "bnVsbA=="
        }
      ]
    },
    {
      "mode": "managed",
      "type": "aws_iam_role_policy_attachment",
      "name": "aditya-training-policy-attachment",
      "provider": "provider[\"registry.terraform.io/hashicorp/aws\"]",
      "instances": [
        {
          "schema_version": 0,
          "attributes": {
            "id": "aditya-iam-training-role-20210810204710431100000001",
            "policy_arn": "arn:aws:iam::542605267262:policy/aditya-iam-training-policy",
            "role": "aditya-iam-training-role"
          },
          "sensitive_attributes": [],
          "private": "bnVsbA==",
          "dependencies": [
            "aws_iam_policy.aditya_training_policy",
            "aws_iam_role.aditya_training_role"
          ]
        }
      ]
    }
  ]
}
